// !$*UTF8*$!
{
	archiveVersion = 1;
	classes = {
	};
	objectVersion = 77;
	objects = {

/* Begin PBXBuildFile section */
		580C35042E65D98B0075EF36 /* Configuration.xcconfig in Resources */ = {isa = PBXBuildFile; fileRef = 580C35032E65D98B0075EF36 /* Configuration.xcconfig */; };
/* End PBXBuildFile section */

/* Begin PBXContainerItemProxy section */
		588086BB2E65A76E005096EF /* PBXContainerItemProxy */ = {
			isa = PBXContainerItemProxy;
			containerPortal = 588086A52E65A76C005096EF /* Project object */;
			proxyType = 1;
			remoteGlobalIDString = 588086AC2E65A76C005096EF;
			remoteInfo = "location tracker";
		};
		588086C52E65A76E005096EF /* PBXContainerItemProxy */ = {
			isa = PBXContainerItemProxy;
			containerPortal = 588086A52E65A76C005096EF /* Project object */;
			proxyType = 1;
			remoteGlobalIDString = 588086AC2E65A76C005096EF;
			remoteInfo = "location tracker";
		};
/* End PBXContainerItemProxy section */

/* Begin PBXFileReference section */
		580C35032E65D98B0075EF36 /* Configuration.xcconfig */ = {isa = PBXFileReference; lastKnownFileType = text.xcconfig; path = Configuration.xcconfig; sourceTree = "<group>"; };
		588086AD2E65A76C005096EF /* location tracker.app */ = {isa = PBXFileReference; explicitFileType = wrapper.application; includeInIndex = 0; path = "location tracker.app"; sourceTree = BUILT_PRODUCTS_DIR; };
		588086BA2E65A76E005096EF /* location trackerTests.xctest */ = {isa = PBXFileReference; explicitFileType = wrapper.cfbundle; includeInIndex = 0; path = "location trackerTests.xctest"; sourceTree = BUILT_PRODUCTS_DIR; };
		588086C42E65A76E005096EF /* location trackerUITests.xctest */ = {isa = PBXFileReference; explicitFileType = wrapper.cfbundle; includeInIndex = 0; path = "location trackerUITests.xctest"; sourceTree = BUILT_PRODUCTS_DIR; };
/* End PBXFileReference section */

/* Begin PBXFileSystemSynchronizedRootGroup section */
		588086AF2E65A76C005096EF /* location tracker */ = {
			isa = PBXFileSystemSynchronizedRootGroup;
			path = "location tracker";
			sourceTree = "<group>";
		};
		588086BD2E65A76E005096EF /* location trackerTests */ = {
			isa = PBXFileSystemSynchronizedRootGroup;
			path = "location trackerTests";
			sourceTree = "<group>";
		};
		588086C72E65A76E005096EF /* location trackerUITests */ = {
			isa = PBXFileSystemSynchronizedRootGroup;
			path = "location trackerUITests";
			sourceTree = "<group>";
		};
/* End PBXFileSystemSynchronizedRootGroup section */

/* Begin PBXFrameworksBuildPhase section */
		588086AA2E65A76C005096EF /* Frameworks */ = {
			isa = PBXFrameworksBuildPhase;
			buildActionMask = 2147483647;
			files = (
			);
			runOnlyForDeploymentPostprocessing = 0;
		};
		588086B72E65A76E005096EF /* Frameworks */ = {
			isa = PBXFrameworksBuildPhase;
			buildActionMask = 2147483647;
			files = (
			);
			runOnlyForDeploymentPostprocessing = 0;
		};
		588086C12E65A76E005096EF /* Frameworks */ = {
			isa = PBXFrameworksBuildPhase;
			buildActionMask = 2147483647;
			files = (
			);
			runOnlyForDeploymentPostprocessing = 0;
		};
/* End PBXFrameworksBuildPhase section */

/* Begin PBXGroup section */
		588086A42E65A76C005096EF = {
			isa = PBXGroup;
			children = (
				580C35032E65D98B0075EF36 /* Configuration.xcconfig */,
				588086AF2E65A76C005096EF /* location tracker */,
				588086BD2E65A76E005096EF /* location trackerTests */,
				588086C72E65A76E005096EF /* location trackerUITests */,
				588086AE2E65A76C005096EF /* Products */,
			);
			sourceTree = "<group>";
		};
		588086AE2E65A76C005096EF /* Products */ = {
			isa = PBXGroup;
			children = (
				588086AD2E65A76C005096EF /* location tracker.app */,
				588086BA2E65A76E005096EF /* location trackerTests.xctest */,
				588086C42E65A76E005096EF /* location trackerUITests.xctest */,
			);
			name = Products;
			sourceTree = "<group>";
		};
/* End PBXGroup section */

/* Begin PBXNativeTarget section */
		588086AC2E65A76C005096EF /* location tracker */ = {
			isa = PBXNativeTarget;
			buildConfigurationList = 588086CE2E65A76E005096EF /* Build configuration list for PBXNativeTarget "location tracker" */;
			buildPhases = (
				588086A92E65A76C005096EF /* Sources */,
				588086AA2E65A76C005096EF /* Frameworks */,
				588086AB2E65A76C005096EF /* Resources */,
			);
			buildRules = (
			);
			dependencies = (
			);
			fileSystemSynchronizedGroups = (
				588086AF2E65A76C005096EF /* location tracker */,
			);
			name = "location tracker";
			packageProductDependencies = (
			);
			productName = "location tracker";
			productReference = 588086AD2E65A76C005096EF /* location tracker.app */;
			productType = "com.apple.product-type.application";
		};
		588086B92E65A76E005096EF /* location trackerTests */ = {
			isa = PBXNativeTarget;
			buildConfigurationList = 588086D12E65A76E005096EF /* Build configuration list for PBXNativeTarget "location trackerTests" */;
			buildPhases = (
				588086B62E65A76E005096EF /* Sources */,
				588086B72E65A76E005096EF /* Frameworks */,
				588086B82E65A76E005096EF /* Resources */,
			);
			buildRules = (
			);
			dependencies = (
				588086BC2E65A76E005096EF /* PBXTargetDependency */,
			);
			fileSystemSynchronizedGroups = (
				588086BD2E65A76E005096EF /* location trackerTests */,
			);
			name = "location trackerTests";
			packageProductDependencies = (
			);
			productName = "location trackerTests";
			productReference = 588086BA2E65A76E005096EF /* location trackerTests.xctest */;
			productType = "com.apple.product-type.bundle.unit-test";
		};
		588086C32E65A76E005096EF /* location trackerUITests */ = {
			isa = PBXNativeTarget;
			buildConfigurationList = 588086D42E65A76E005096EF /* Build configuration list for PBXNativeTarget "location trackerUITests" */;
			buildPhases = (
				588086C02E65A76E005096EF /* Sources */,
				588086C12E65A76E005096EF /* Frameworks */,
				588086C22E65A76E005096EF /* Resources */,
			);
			buildRules = (
			);
			dependencies = (
				588086C62E65A76E005096EF /* PBXTargetDependency */,
			);
			fileSystemSynchronizedGroups = (
				588086C72E65A76E005096EF /* location trackerUITests */,
			);
			name = "location trackerUITests";
			packageProductDependencies = (
			);
			productName = "location trackerUITests";
			productReference = 588086C42E65A76E005096EF /* location trackerUITests.xctest */;
			productType = "com.apple.product-type.bundle.ui-testing";
		};
/* End PBXNativeTarget section */

/* Begin PBXProject section */
		588086A52E65A76C005096EF /* Project object */ = {
			isa = PBXProject;
			attributes = {
				BuildIndependentTargetsInParallel = 1;
				LastSwiftUpdateCheck = 1640;
				LastUpgradeCheck = 1640;
				TargetAttributes = {
					588086AC2E65A76C005096EF = {
						CreatedOnToolsVersion = 16.4;
					};
					588086B92E65A76E005096EF = {
						CreatedOnToolsVersion = 16.4;
						TestTargetID = 588086AC2E65A76C005096EF;
					};
					588086C32E65A76E005096EF = {
						CreatedOnToolsVersion = 16.4;
						TestTargetID = 588086AC2E65A76C005096EF;
					};
				};
			};
			buildConfigurationList = 588086A82E65A76C005096EF /* Build configuration list for PBXProject "location tracker" */;
			developmentRegion = en;
			hasScannedForEncodings = 0;
			knownRegions = (
				en,
				Base,
			);
			mainGroup = 588086A42E65A76C005096EF;
			minimizedProjectReferenceProxies = 1;
			preferredProjectObjectVersion = 77;
			productRefGroup = 588086AE2E65A76C005096EF /* Products */;
			projectDirPath = "";
			projectRoot = "";
			targets = (
				588086AC2E65A76C005096EF /* location tracker */,
				588086B92E65A76E005096EF /* location trackerTests */,
				588086C32E65A76E005096EF /* location trackerUITests */,
			);
		};
/* End PBXProject section */

/* Begin PBXResourcesBuildPhase section */
		588086AB2E65A76C005096EF /* Resources */ = {
			isa = PBXResourcesBuildPhase;
			buildActionMask = 2147483647;
			files = (
				580C35042E65D98B0075EF36 /* Configuration.xcconfig in Resources */,
			);
			runOnlyForDeploymentPostprocessing = 0;
		};
		588086B82E65A76E005096EF /* Resources */ = {
			isa = PBXResourcesBuildPhase;
			buildActionMask = 2147483647;
			files = (
			);
			runOnlyForDeploymentPostprocessing = 0;
		};
		588086C22E65A76E005096EF /* Resources */ = {
			isa = PBXResourcesBuildPhase;
			buildActionMask = 2147483647;
			files = (
			);
			runOnlyForDeploymentPostprocessing = 0;
		};
/* End PBXResourcesBuildPhase section */

/* Begin PBXSourcesBuildPhase section */
		588086A92E65A76C005096EF /* Sources */ = {
			isa = PBXSourcesBuildPhase;
			buildActionMask = 2147483647;
			files = (
			);
			runOnlyForDeploymentPostprocessing = 0;
		};
		588086B62E65A76E005096EF /* Sources */ = {
			isa = PBXSourcesBuildPhase;
			buildActionMask = 2147483647;
			files = (
			);
			runOnlyForDeploymentPostprocessing = 0;
		};
		588086C02E65A76E005096EF /* Sources */ = {
			isa = PBXSourcesBuildPhase;
			buildActionMask = 2147483647;
			files = (
			);
			runOnlyForDeploymentPostprocessing = 0;
		};
/* End PBXSourcesBuildPhase section */

/* Begin PBXTargetDependency section */
		588086BC2E65A76E005096EF /* PBXTargetDependency */ = {
			isa = PBXTargetDependency;
			target = 588086AC2E65A76C005096EF /* location tracker */;
			targetProxy = 588086BB2E65A76E005096EF /* PBXContainerItemProxy */;
		};
		588086C62E65A76E005096EF /* PBXTargetDependency */ = {
			isa = PBXTargetDependency;
			target = 588086AC2E65A76C005096EF /* location tracker */;
			targetProxy = 588086C52E65A76E005096EF /* PBXContainerItemProxy */;
		};
/* End PBXTargetDependency section */

/* Begin XCBuildConfiguration section */
		588086CC2E65A76E005096EF /* Debug */ = {
			isa = XCBuildConfiguration;
			baseConfigurationReference = 580C35032E65D98B0075EF36 /* Configuration.xcconfig */;
			buildSettings = {
				ALWAYS_SEARCH_USER_PATHS = NO;
				ASSETCATALOG_COMPILER_GENERATE_SWIFT_ASSET_SYMBOL_EXTENSIONS = YES;
				CLANG_ANALYZER_NONNULL = YES;
				CLANG_ANALYZER_NUMBER_OBJECT_CONVERSION = YES_AGGRESSIVE;
				CLANG_CXX_LANGUAGE_STANDARD = "gnu++20";
				CLANG_ENABLE_MODULES = YES;
				CLANG_ENABLE_OBJC_ARC = YES;
				CLANG_ENABLE_OBJC_WEAK = YES;
				CLANG_WARN_BLOCK_CAPTURE_AUTORELEASING = YES;
				CLANG_WARN_BOOL_CONVERSION = YES;
				CLANG_WARN_COMMA = YES;
				CLANG_WARN_CONSTANT_CONVERSION = YES;
				CLANG_WARN_DEPRECATED_OBJC_IMPLEMENTATIONS = YES;
				CLANG_WARN_DIRECT_OBJC_ISA_USAGE = YES_ERROR;
				CLANG_WARN_DOCUMENTATION_COMMENTS = YES;
				CLANG_WARN_EMPTY_BODY = YES;
				CLANG_WARN_ENUM_CONVERSION = YES;
				CLANG_WARN_INFINITE_RECURSION = YES;
				CLANG_WARN_INT_CONVERSION = YES;
				CLANG_WARN_NON_LITERAL_NULL_CONVERSION = YES;
				CLANG_WARN_OBJC_IMPLICIT_RETAIN_SELF = YES;
				CLANG_WARN_OBJC_LITERAL_CONVERSION = YES;
				CLANG_WARN_OBJC_ROOT_CLASS = YES_ERROR;
				CLANG_WARN_QUOTED_INCLUDE_IN_FRAMEWORK_HEADER = YES;
				CLANG_WARN_RANGE_LOOP_ANALYSIS = YES;
				CLANG_WARN_STRICT_PROTOTYPES = YES;
				CLANG_WARN_SUSPICIOUS_MOVE = YES;
				CLANG_WARN_UNGUARDED_AVAILABILITY = YES_AGGRESSIVE;
				CLANG_WARN_UNREACHABLE_CODE = YES;
				CLANG_WARN__DUPLICATE_METHOD_MATCH = YES;
				COPY_PHASE_STRIP = NO;
				DEBUG_INFORMATION_FORMAT = dwarf;
				ENABLE_STRICT_OBJC_MSGSEND = YES;
				ENABLE_TESTABILITY = YES;
				ENABLE_USER_SCRIPT_SANDBOXING = YES;
				GCC_C_LANGUAGE_STANDARD = gnu17;
				GCC_DYNAMIC_NO_PIC = NO;
				GCC_NO_COMMON_BLOCKS = YES;
				GCC_OPTIMIZATION_LEVEL = 0;
				GCC_PREPROCESSOR_DEFINITIONS = (
					"DEBUG=1",
					"$(inherited)",
				);
				GCC_WARN_64_TO_32_BIT_CONVERSION = YES;
				GCC_WARN_ABOUT_RETURN_TYPE = YES_ERROR;
				GCC_WARN_UNDECLARED_SELECTOR = YES;
				GCC_WARN_UNINITIALIZED_AUTOS = YES_AGGRESSIVE;
				GCC_WARN_UNUSED_FUNCTION = YES;
				GCC_WARN_UNUSED_VARIABLE = YES;
				IPHONEOS_DEPLOYMENT_TARGET = 18.5;
				LOCALIZATION_PREFERS_STRING_CATALOGS = YES;
				MTL_ENABLE_DEBUG_INFO = INCLUDE_SOURCE;
				MTL_FAST_MATH = YES;
				ONLY_ACTIVE_ARCH = YES;
				SDKROOT = iphoneos;
				SWIFT_ACTIVE_COMPILATION_CONDITIONS = "DEBUG $(inherited)";
				SWIFT_OPTIMIZATION_LEVEL = "-Onone";
			};
			name = Debug;
		};
		588086CD2E65A76E005096EF /* Release */ = {
			isa = XCBuildConfiguration;
			baseConfigurationReference = 580C35032E65D98B0075EF36 /* Configuration.xcconfig */;
			buildSettings = {
				ALWAYS_SEARCH_USER_PATHS = NO;
				ASSETCATALOG_COMPILER_GENERATE_SWIFT_ASSET_SYMBOL_EXTENSIONS = YES;
				CLANG_ANALYZER_NONNULL = YES;
				CLANG_ANALYZER_NUMBER_OBJECT_CONVERSION = YES_AGGRESSIVE;
				CLANG_CXX_LANGUAGE_STANDARD = "gnu++20";
				CLANG_ENABLE_MODULES = YES;
				CLANG_ENABLE_OBJC_ARC = YES;
				CLANG_ENABLE_OBJC_WEAK = YES;
				CLANG_WARN_BLOCK_CAPTURE_AUTORELEASING = YES;
				CLANG_WARN_BOOL_CONVERSION = YES;
				CLANG_WARN_COMMA = YES;
				CLANG_WARN_CONSTANT_CONVERSION = YES;
				CLANG_WARN_DEPRECATED_OBJC_IMPLEMENTATIONS = YES;
				CLANG_WARN_DIRECT_OBJC_ISA_USAGE = YES_ERROR;
				CLANG_WARN_DOCUMENTATION_COMMENTS = YES;
				CLANG_WARN_EMPTY_BODY = YES;
				CLANG_WARN_ENUM_CONVERSION = YES;
				CLANG_WARN_INFINITE_RECURSION = YES;
				CLANG_WARN_INT_CONVERSION = YES;
				CLANG_WARN_NON_LITERAL_NULL_CONVERSION = YES;
				CLANG_WARN_OBJC_IMPLICIT_RETAIN_SELF = YES;
				CLANG_WARN_OBJC_LITERAL_CONVERSION = YES;
				CLANG_WARN_OBJC_ROOT_CLASS = YES_ERROR;
				CLANG_WARN_QUOTED_INCLUDE_IN_FRAMEWORK_HEADER = YES;
				CLANG_WARN_RANGE_LOOP_ANALYSIS = YES;
				CLANG_WARN_STRICT_PROTOTYPES = YES;
				CLANG_WARN_SUSPICIOUS_MOVE = YES;
				CLANG_WARN_UNGUARDED_AVAILABILITY = YES_AGGRESSIVE;
				CLANG_WARN_UNREACHABLE_CODE = YES;
				CLANG_WARN__DUPLICATE_METHOD_MATCH = YES;
				COPY_PHASE_STRIP = NO;
				DEBUG_INFORMATION_FORMAT = "dwarf-with-dsym";
				ENABLE_NS_ASSERTIONS = NO;
				ENABLE_STRICT_OBJC_MSGSEND = YES;
				ENABLE_USER_SCRIPT_SANDBOXING = YES;
				GCC_C_LANGUAGE_STANDARD = gnu17;
				GCC_NO_COMMON_BLOCKS = YES;
				GCC_WARN_64_TO_32_BIT_CONVERSION = YES;
				GCC_WARN_ABOUT_RETURN_TYPE = YES_ERROR;
				GCC_WARN_UNDECLARED_SELECTOR = YES;
				GCC_WARN_UNINITIALIZED_AUTOS = YES_AGGRESSIVE;
				GCC_WARN_UNUSED_FUNCTION = YES;
				GCC_WARN_UNUSED_VARIABLE = YES;
				IPHONEOS_DEPLOYMENT_TARGET = 18.5;
				LOCALIZATION_PREFERS_STRING_CATALOGS = YES;
				MTL_ENABLE_DEBUG_INFO = NO;
				MTL_FAST_MATH = YES;
				SDKROOT = iphoneos;
				SWIFT_COMPILATION_MODE = wholemodule;
				VALIDATE_PRODUCT = YES;
			};
			name = Release;
		};
		588086CF2E65A76E005096EF /* Debug */ = {
			isa = XCBuildConfiguration;
			buildSettings = {
				ASSETCATALOG_COMPILER_APPICON_NAME = AppIcon;
				ASSETCATALOG_COMPILER_GLOBAL_ACCENT_COLOR_NAME = AccentColor;
				CODE_SIGN_STYLE = Automatic;
				CURRENT_PROJECT_VERSION = 1;
				DEVELOPMENT_TEAM = 9ZA4J6TGU2;
				ENABLE_PREVIEWS = YES;
				GENERATE_INFOPLIST_FILE = YES;
				INFOPLIST_FILE = "location-tracker-Info.plist";
				INFOPLIST_KEY_NSLocationAlwaysAndWhenInUseUsageDescription = "please plea";
				INFOPLIST_KEY_NSLocationAlwaysUsageDescription = pleeease;
				INFOPLIST_KEY_NSLocationWhenInUseUsageDescription = "i really really need it ";
				INFOPLIST_KEY_UIApplicationSceneManifest_Generation = YES;
				INFOPLIST_KEY_UIApplicationSupportsIndirectInputEvents = YES;
				INFOPLIST_KEY_UILaunchScreen_Generation = YES;
				INFOPLIST_KEY_UISupportedInterfaceOrientations_iPad = "UIInterfaceOrientationPortrait UIInterfaceOrientationPortraitUpsideDown UIInterfaceOrientationLandscapeLeft UIInterfaceOrientationLandscapeRight";
				INFOPLIST_KEY_UISupportedInterfaceOrientations_iPhone = "UIInterfaceOrientationPortrait UIInterfaceOrientationLandscapeLeft UIInterfaceOrientationLandscapeRight";
				LD_RUNPATH_SEARCH_PATHS = (
					"$(inherited)",
					"@executable_path/Frameworks",
				);
				MARKETING_VERSION = 1.0;
				PRODUCT_BUNDLE_IDENTIFIER = "codes.towel.location-tracker";
				PRODUCT_NAME = "$(TARGET_NAME)";
				SWIFT_EMIT_LOC_STRINGS = YES;
				SWIFT_VERSION = 5.0;
				TARGETED_DEVICE_FAMILY = "1,2";
			};
			name = Debug;
		};
		588086D02E65A76E005096EF /* Release */ = {
			isa = XCBuildConfiguration;
			buildSettings = {
				ASSETCATALOG_COMPILER_APPICON_NAME = AppIcon;
				ASSETCATALOG_COMPILER_GLOBAL_ACCENT_COLOR_NAME = AccentColor;
				CODE_SIGN_STYLE = Automatic;
				CURRENT_PROJECT_VERSION = 1;
				DEVELOPMENT_TEAM = 9ZA4J6TGU2;
				ENABLE_PREVIEWS = YES;
				GENERATE_INFOPLIST_FILE = YES;
				INFOPLIST_FILE = "location-tracker-Info.plist";
				INFOPLIST_KEY_NSLocationAlwaysAndWhenInUseUsageDescription = "please plea";
				INFOPLIST_KEY_NSLocationAlwaysUsageDescription = pleeease;
				INFOPLIST_KEY_NSLocationWhenInUseUsageDescription = "i really really need it ";
				INFOPLIST_KEY_UIApplicationSceneManifest_Generation = YES;
				INFOPLIST_KEY_UIApplicationSupportsIndirectInputEvents = YES;
				INFOPLIST_KEY_UILaunchScreen_Generation = YES;
				INFOPLIST_KEY_UISupportedInterfaceOrientations_iPad = "UIInterfaceOrientationPortrait UIInterfaceOrientationPortraitUpsideDown UIInterfaceOrientationLandscapeLeft UIInterfaceOrientationLandscapeRight";
				INFOPLIST_KEY_UISupportedInterfaceOrientations_iPhone = "UIInterfaceOrientationPortrait UIInterfaceOrientationLandscapeLeft UIInterfaceOrientationLandscapeRight";
				LD_RUNPATH_SEARCH_PATHS = (
					"$(inherited)",
					"@executable_path/Frameworks",
				);
				MARKETING_VERSION = 1.0;
				PRODUCT_BUNDLE_IDENTIFIER = "codes.towel.location-tracker";
				PRODUCT_NAME = "$(TARGET_NAME)";
				SWIFT_EMIT_LOC_STRINGS = YES;
				SWIFT_VERSION = 5.0;
				TARGETED_DEVICE_FAMILY = "1,2";
			};
			name = Release;
		};
		588086D22E65A76E005096EF /* Debug */ = {
			isa = XCBuildConfiguration;
			buildSettings = {
				BUNDLE_LOADER = "$(TEST_HOST)";
				CODE_SIGN_STYLE = Automatic;
				CURRENT_PROJECT_VERSION = 1;
				GENERATE_INFOPLIST_FILE = YES;
				IPHONEOS_DEPLOYMENT_TARGET = 18.5;
				MARKETING_VERSION = 1.0;
				PRODUCT_BUNDLE_IDENTIFIER = "codes.towel.location-trackerTests";
				PRODUCT_NAME = "$(TARGET_NAME)";
				SWIFT_EMIT_LOC_STRINGS = NO;
				SWIFT_VERSION = 5.0;
				TARGETED_DEVICE_FAMILY = "1,2";
				TEST_HOST = "$(BUILT_PRODUCTS_DIR)/location tracker.app/$(BUNDLE_EXECUTABLE_FOLDER_PATH)/location tracker";
			};
			name = Debug;
		};
		588086D32E65A76E005096EF /* Release */ = {
			isa = XCBuildConfiguration;
			buildSettings = {
				BUNDLE_LOADER = "$(TEST_HOST)";
				CODE_SIGN_STYLE = Automatic;
				CURRENT_PROJECT_VERSION = 1;
				GENERATE_INFOPLIST_FILE = YES;
				IPHONEOS_DEPLOYMENT_TARGET = 18.5;
				MARKETING_VERSION = 1.0;
				PRODUCT_BUNDLE_IDENTIFIER = "codes.towel.location-trackerTests";
				PRODUCT_NAME = "$(TARGET_NAME)";
				SWIFT_EMIT_LOC_STRINGS = NO;
				SWIFT_VERSION = 5.0;
				TARGETED_DEVICE_FAMILY = "1,2";
				TEST_HOST = "$(BUILT_PRODUCTS_DIR)/location tracker.app/$(BUNDLE_EXECUTABLE_FOLDER_PATH)/location tracker";
			};
			name = Release;
		};
		588086D52E65A76E005096EF /* Debug */ = {
			isa = XCBuildConfiguration;
			buildSettings = {
				CODE_SIGN_STYLE = Automatic;
				CURRENT_PROJECT_VERSION = 1;
				GENERATE_INFOPLIST_FILE = YES;
				MARKETING_VERSION = 1.0;
				PRODUCT_BUNDLE_IDENTIFIER = "codes.towel.location-trackerUITests";
				PRODUCT_NAME = "$(TARGET_NAME)";
				SWIFT_EMIT_LOC_STRINGS = NO;
				SWIFT_VERSION = 5.0;
				TARGETED_DEVICE_FAMILY = "1,2";
				TEST_TARGET_NAME = "location tracker";
			};
			name = Debug;
		};
		588086D62E65A76E005096EF /* Release */ = {
			isa = XCBuildConfiguration;
			buildSettings = {
				CODE_SIGN_STYLE = Automatic;
				CURRENT_PROJECT_VERSION = 1;
				GENERATE_INFOPLIST_FILE = YES;
				MARKETING_VERSION = 1.0;
				PRODUCT_BUNDLE_IDENTIFIER = "codes.towel.location-trackerUITests";
				PRODUCT_NAME = "$(TARGET_NAME)";
				SWIFT_EMIT_LOC_STRINGS = NO;
				SWIFT_VERSION = 5.0;
				TARGETED_DEVICE_FAMILY = "1,2";
				TEST_TARGET_NAME = "location tracker";
			};
			name = Release;
		};
/* End XCBuildConfiguration section */

/* Begin XCConfigurationList section */
		588086A82E65A76C005096EF /* Build configuration list for PBXProject "location tracker" */ = {
			isa = XCConfigurationList;
			buildConfigurations = (
				588086CC2E65A76E005096EF /* Debug */,
				588086CD2E65A76E005096EF /* Release */,
			);
			defaultConfigurationIsVisible = 0;
			defaultConfigurationName = Release;
		};
		588086CE2E65A76E005096EF /* Build configuration list for PBXNativeTarget "location tracker" */ = {
			isa = XCConfigurationList;
			buildConfigurations = (
				588086CF2E65A76E005096EF /* Debug */,
				588086D02E65A76E005096EF /* Release */,
			);
			defaultConfigurationIsVisible = 0;
			defaultConfigurationName = Release;
		};
		588086D12E65A76E005096EF /* Build configuration list for PBXNativeTarget "location trackerTests" */ = {
			isa = XCConfigurationList;
			buildConfigurations = (
				588086D22E65A76E005096EF /* Debug */,
				588086D32E65A76E005096EF /* Release */,
			);
			defaultConfigurationIsVisible = 0;
			defaultConfigurationName = Release;
		};
		588086D42E65A76E005096EF /* Build configuration list for PBXNativeTarget "location trackerUITests" */ = {
			isa = XCConfigurationList;
			buildConfigurations = (
				588086D52E65A76E005096EF /* Debug */,
				588086D62E65A76E005096EF /* Release */,
			);
			defaultConfigurationIsVisible = 0;
			defaultConfigurationName = Release;
		};
/* End XCConfigurationList section */
	};
	rootObject = 588086A52E65A76C005096EF /* Project object */;
}
